{
  "name": "EnterpriseAI",
  "lockfileVersion": 3,
  "requires": true,
  "packages": {
    "": {
      "dependencies": {
        "ngx-markdown": "^21.3.0"
      }
    },
    "node_modules/@angular/common": {
      "version": "21.2.12",
      "resolved": "https://registry.npmjs.org/@angular/common/-/common-21.2.12.tgz",
      "integrity": "sha512-b7IRSM9fWPmZ1SLN0utVcW87IkhiRte3Wsnwr2nEsjum2soRMfvKqHwtEFGfCztlwOmZLgKiGW9pqKpzBkIjnQ==",
      "peer": true,
      "dependencies": {
        "tslib": "^2.3.0"
      },
      "engines": {
        "node": "^20.19.0 || ^22.12.0 || >=24.0.0"
      },
      "peerDependencies": {
        "@angular/core": "21.2.12",
        "rxjs": "^6.5.3 || ^7.4.0"
      }
    },
    "node_modules/@angular/core": {
      "version": "21.2.12",
      "resolved": "https://registry.npmjs.org/@angular/core/-/core-21.2.12.tgz",
      "integrity": "sha512-wcD6tzE30nwg58KmAU19347Jf/1F/vFg2CEd9Qcu5cA1Z4s3umzvaqs/7988ne4HaS4iJEpvTbRvGss7EYZEfA==",
      "peer": true,
      "dependencies": {
        "tslib": "^2.3.0"
      },
      "engines": {
        "node": "^20.19.0 || ^22.12.0 || >=24.0.0"
      },
      "peerDependencies": {
        "@angular/compiler": "21.2.12",
        "rxjs": "^6.5.3 || ^7.4.0",
        "zone.js": "~0.15.0 || ~0.16.0"
      },
      "peerDependenciesMeta": {
        "@angular/compiler": {
          "optional": true
        },
        "zone.js": {
          "optional": true
        }
      }
    },
    "node_modules/@angular/platform-browser": {
      "version": "21.2.12",
      "resolved": "https://registry.npmjs.org/@angular/platform-browser/-/platform-browser-21.2.12.tgz",
      "integrity": "sha512-P4MVColcYgBPmHyQ9nPVw9NjWPNxkC++N2Bjh3kOUFflC/6D/ufYJytsI/y1WQ8dtoHPHxiuRf3xHvcwUMPgEQ==",
      "peer": true,
      "dependencies": {
        "tslib": "^2.3.0"
      },
      "engines": {
        "node": "^20.19.0 || ^22.12.0 || >=24.0.0"
      },
      "peerDependencies": {
        "@angular/animations": "21.2.12",
        "@angular/common": "21.2.12",
        "@angular/core": "21.2.12"
      },
      "peerDependenciesMeta": {
        "@angular/animations": {
          "optional": true
        }
      }
    },
    "node_modules/marked": {
      "version": "18.0.3",
      "resolved": "https://registry.npmjs.org/marked/-/marked-18.0.3.tgz",
      "integrity": "sha512-7VT90JOkDeaRWpfjOReRGPEKn0ecdARBkDGL+tT1wZY0efPPqkUxLUSmzy/C7TIylQYJC9STISEsCHrqb/7VIA==",
      "peer": true,
      "bin": {
        "marked": "bin/marked.js"
      },
      "engines": {
        "node": ">= 20"
      }
    },
    "node_modules/ngx-markdown": {
      "version": "21.3.0",
      "resolved": "https://registry.npmjs.org/ngx-markdown/-/ngx-markdown-21.3.0.tgz",
      "integrity": "sha512-HYh31RnDqu9YnMffi5CiHUqzVrucIbURJjx4/YWpuQoQkuR8Otz0CN8M0Bx6rfxDVZ7j3LmNqqlJ/YxvMKizXg==",
      "dependencies": {
        "tslib": "^2.3.0"
      },
      "peerDependencies": {
        "@angular/common": "^21.0.0",
        "@angular/core": "^21.0.0",
        "@angular/platform-browser": "^21.0.0",
        "clipboard": "^2.0.11",
        "emoji-toolkit": ">= 8.0.0 < 11.0.0",
        "katex": "^0.16.0",
        "marked": "^17.0.0 || ^18.0.0",
        "mermaid": ">= 10.6.0 < 12.0.0",
        "prismjs": "^1.30.0",
        "rxjs": "^6.5.3 || ^7.4.0",
        "zone.js": "~0.15.0 || ~0.16.0"
      },
      "peerDependenciesMeta": {
        "clipboard": {
          "optional": true
        },
        "emoji-toolkit": {
          "optional": true
        },
        "katex": {
          "optional": true
        },
        "mermaid": {
          "optional": true
        },
        "prismjs": {
          "optional": true
        }
      }
    },
    "node_modules/rxjs": {
      "version": "7.8.2",
      "resolved": "https://registry.npmjs.org/rxjs/-/rxjs-7.8.2.tgz",
      "integrity": "sha512-dhKf903U/PQZY6boNNtAGdWbG85WAbjT/1xYoZIC7FAY0yWapOBQVsVrDl58W86//e1VpMNBtRV4MaXfdMySFA==",
      "peer": true,
      "dependencies": {
        "tslib": "^2.1.0"
      }
    },
    "node_modules/tslib": {
      "version": "2.8.1",
      "resolved": "https://registry.npmjs.org/tslib/-/tslib-2.8.1.tgz",
      "integrity": "sha512-oJFu94HQb+KVduSUQL7wnpmqnfmLsOA/nAh6b6EH0wCEoK0/mPeXU6c3wKDV83MkOuHPRHtSXKKU99IBazS/2w=="
    },
    "node_modules/zone.js": {
      "version": "0.16.2",
      "resolved": "https://registry.npmjs.org/zone.js/-/zone.js-0.16.2.tgz",
      "integrity": "sha512-Eky7p2Z1Ig3NnbfodSPoARCjKBSTFMnE/ACsP1L/XJEfY4SdOFce19BsUCWVwL6K5ABZFy5J3bjcMWffX+YM3Q==",
      "peer": true
    }
  }
}
